{
    "_readme": [
        "This file locks the dependencies of your project to a known state",
        "Read more about it at http://getcomposer.org/doc/01-basic-usage.md#composer-lock-the-lock-file",
        "This file is @generated automatically"
    ],
    "hash": "ee0808eda1e639e2901ad1f86d079966",
    "packages": [
        {
            "name": "cakephp/cakephp",
            "version": "2.5.3",
            "source": {
                "type": "git",
                "url": "https://github.com/cakephp/cakephp.git",
                "reference": "ac9af7e3269f956b5a030a1bb6e6b95325af8b9c"
            },
            "dist": {
                "type": "zip",
                "url": "https://api.github.com/repos/cakephp/cakephp/zipball/ac9af7e3269f956b5a030a1bb6e6b95325af8b9c",
                "reference": "ac9af7e3269f956b5a030a1bb6e6b95325af8b9c",
                "shasum": ""
            },
            "require": {
                "ext-mcrypt": "*",
                "php": ">=5.2.8"
            },
            "require-dev": {
                "cakephp/debug_kit": "2.2.*",
                "phpunit/phpunit": "3.7.*"
            },
            "bin": [
                "lib/Cake/Console/cake"
            ],
            "type": "library",
            "notification-url": "https://packagist.org/downloads/",
            "license": [
                "MIT"
            ],
            "authors": [
                {
                    "name": "CakePHP Community",
                    "homepage": "https://github.com/cakephp/cakephp/graphs/contributors"
                }
            ],
            "description": "The CakePHP framework",
            "homepage": "http://cakephp.org",
            "keywords": [
                "framework"
            ],
            "time": "2014-07-21 02:20:47"
        }
    ],
    "packages-dev": [

    ],
    "aliases": [

    ],
    "minimum-stability": "stable",
    "stability-flags": [

    ],
    "prefer-stable": false,
    "platform": [

    ],
    "platform-dev": [

    ]
}
